
Microsoft Visual Studio Solution File, Format Version 12.00
# Visual Studio Version 17
VisualStudioVersion = 17.11.35222.181
MinimumVisualStudioVersion = 10.0.40219.1
Project("{8BC9CEB8-8B4A-11D0-8D11-00A0C91BC942}") = "MathLibraryDynamic", "MathLibraryDynamic\MathLibraryDynamic.vcxproj", "{C91FCC0B-13A0-460E-966C-05BB313CCA28}"
EndProject
Global
	GlobalSection(SolutionConfigurationPlatforms) = preSolution
		Debug|x64 = Debug|x64
		Debug|x86 = Debug|x86
		Release|x64 = Release|x64
		Release|x86 = Release|x86
	EndGlobalSection
	GlobalSection(ProjectConfigurationPlatforms) = postSolution
		{C91FCC0B-13A0-460E-966C-05BB313CCA28}.Debug|x64.ActiveCfg = Debug|x64
		{C91FCC0B-13A0-460E-966C-05BB313CCA28}.Debug|x64.Build.0 = Debug|x64
		{C91FCC0B-13A0-460E-966C-05BB313CCA28}.Debug|x86.ActiveCfg = Debug|Win32
		{C91FCC0B-13A0-460E-966C-05BB313CCA28}.Debug|x86.Build.0 = Debug|Win32
		{C91FCC0B-13A0-460E-966C-05BB313CCA28}.Release|x64.ActiveCfg = Release|x64
		{C91FCC0B-13A0-460E-966C-05BB313CCA28}.Release|x64.Build.0 = Release|x64
		{C91FCC0B-13A0-460E-966C-05BB313CCA28}.Release|x86.ActiveCfg = Release|Win32
		{C91FCC0B-13A0-460E-966C-05BB313CCA28}.Release|x86.Build.0 = Release|Win32
	EndGlobalSection
	GlobalSection(SolutionProperties) = preSolution
		HideSolutionNode = FALSE
	EndGlobalSection
	GlobalSection(ExtensibilityGlobals) = postSolution
		SolutionGuid = {7526B2C9-AAF2-4090-B2B1-09CCA84DC13D}
	EndGlobalSection
EndGlobal
